
Microsoft Visual Studio Solution File, Format Version 12.00
# Visual Studio Version 17
VisualStudioVersion = 17.12.35707.178
MinimumVisualStudioVersion = 10.0.40219.1
Project("{2150E333-8FDC-42A3-9474-1A3956D46DE8}") = "lesson_02", "lesson_02", "{F33A1664-6017-4481-B97A-F67DC5118A3A}"
EndProject
Project("{FAE04EC0-301F-11D3-BF4B-00C04F79EFBC}") = "Task_02_01", "Task_02_01\Task_02_01.csproj", "{4FCF4C64-CCB7-4960-B83F-1AD009666075}"
EndProject
Project("{FAE04EC0-301F-11D3-BF4B-00C04F79EFBC}") = "Task_02_02", "Task_02_02\Task_02_02.csproj", "{F5B90166-1596-4836-B3CC-20A84234AF63}"
EndProject
Project("{FAE04EC0-301F-11D3-BF4B-00C04F79EFBC}") = "Task_02_04", "Task_02_04\Task_02_04.csproj", "{8D964ED7-9885-4A6B-8C67-F409823117DD}"
EndProject
Project("{2150E333-8FDC-42A3-9474-1A3956D46DE8}") = "lesson_03", "lesson_03", "{4C5467BA-4700-4AFC-9DFA-E657CB251905}"
EndProject
Project("{FAE04EC0-301F-11D3-BF4B-00C04F79EFBC}") = "Task_03_04", "Task_03_04\Task_03_04.csproj", "{D455DAE9-4D93-4E7F-AC56-C1634E4E4AE3}"
EndProject
Project("{FAE04EC0-301F-11D3-BF4B-00C04F79EFBC}") = "Task_03_05", "Task_03_05\Task_03_05.csproj", "{C69F2AF7-FACD-4552-8333-B42C8254B284}"
EndProject
Project("{FAE04EC0-301F-11D3-BF4B-00C04F79EFBC}") = "Task_03_06", "Task_03_06\Task_03_06.csproj", "{2DE6ECF0-23C9-41EF-B4CF-6693C1F4C7E5}"
EndProject
Project("{FAE04EC0-301F-11D3-BF4B-00C04F79EFBC}") = "Task_03_07", "Task_03_07\Task_03_07.csproj", "{BA9CD377-D251-4EFE-A9D5-0D2B65132DEF}"
EndProject
Project("{FAE04EC0-301F-11D3-BF4B-00C04F79EFBC}") = "Task_03_08", "Task_03_08\Task_03_08.csproj", "{35996E21-3C01-4B94-B04E-990F040641EA}"
EndProject
Project("{2150E333-8FDC-42A3-9474-1A3956D46DE8}") = "Lesson_05", "Lesson_05", "{AB868936-85D9-4C3F-9015-3322462DBC8D}"
EndProject
Project("{FAE04EC0-301F-11D3-BF4B-00C04F79EFBC}") = "Task_05_03", "Task_05_03\Task_05_03.csproj", "{DD6EDDFC-E9CD-4073-AD0A-B60E96BD4D86}"
EndProject
Project("{FAE04EC0-301F-11D3-BF4B-00C04F79EFBC}") = "Task_05_04", "Task_05_04\Task_05_04.csproj", "{E9932A6C-E1F3-40B4-8A8E-CE4F2111A308}"
EndProject
Project("{FAE04EC0-301F-11D3-BF4B-00C04F79EFBC}") = "Task_05_05", "Task_05_05\Task_05_05.csproj", "{BAECF712-0B0B-413E-B7B1-C43EB234D019}"
EndProject
Project("{FAE04EC0-301F-11D3-BF4B-00C04F79EFBC}") = "Task_05_06", "Task_05_06\Task_05_06.csproj", "{3559D209-44F1-436B-854D-8454E3A62BC6}"
EndProject
Project("{FAE04EC0-301F-11D3-BF4B-00C04F79EFBC}") = "Task_05_08", "Task_05_08\Task_05_08.csproj", "{0BDA9EF8-3994-45B7-B42B-D52CCA9CAB34}"
EndProject
Project("{FAE04EC0-301F-11D3-BF4B-00C04F79EFBC}") = "Task_05_09", "Task_05_09\Task_05_09.csproj", "{C423E120-94DF-49E6-8E36-26F0152EF2A9}"
EndProject
Project("{2150E333-8FDC-42A3-9474-1A3956D46DE8}") = "lesson_10", "lesson_10", "{CBB131C3-B54F-4471-AC9D-A0BADA3553C5}"
EndProject
Project("{FAE04EC0-301F-11D3-BF4B-00C04F79EFBC}") = "Task_10_06", "Task_10_06\Task_10_06.csproj", "{F985D942-277F-4134-BFBC-CECF60532351}"
EndProject
Global
	GlobalSection(SolutionConfigurationPlatforms) = preSolution
		Debug|Any CPU = Debug|Any CPU
		Release|Any CPU = Release|Any CPU
	EndGlobalSection
	GlobalSection(ProjectConfigurationPlatforms) = postSolution
		{4FCF4C64-CCB7-4960-B83F-1AD009666075}.Debug|Any CPU.ActiveCfg = Debug|Any CPU
		{4FCF4C64-CCB7-4960-B83F-1AD009666075}.Debug|Any CPU.Build.0 = Debug|Any CPU
		{4FCF4C64-CCB7-4960-B83F-1AD009666075}.Release|Any CPU.ActiveCfg = Release|Any CPU
		{4FCF4C64-CCB7-4960-B83F-1AD009666075}.Release|Any CPU.Build.0 = Release|Any CPU
		{F5B90166-1596-4836-B3CC-20A84234AF63}.Debug|Any CPU.ActiveCfg = Debug|Any CPU
		{F5B90166-1596-4836-B3CC-20A84234AF63}.Debug|Any CPU.Build.0 = Debug|Any CPU
		{F5B90166-1596-4836-B3CC-20A84234AF63}.Release|Any CPU.ActiveCfg = Release|Any CPU
		{F5B90166-1596-4836-B3CC-20A84234AF63}.Release|Any CPU.Build.0 = Release|Any CPU
		{8D964ED7-9885-4A6B-8C67-F409823117DD}.Debug|Any CPU.ActiveCfg = Debug|Any CPU
		{8D964ED7-9885-4A6B-8C67-F409823117DD}.Debug|Any CPU.Build.0 = Debug|Any CPU
		{8D964ED7-9885-4A6B-8C67-F409823117DD}.Release|Any CPU.ActiveCfg = Release|Any CPU
		{8D964ED7-9885-4A6B-8C67-F409823117DD}.Release|Any CPU.Build.0 = Release|Any CPU
		{D455DAE9-4D93-4E7F-AC56-C1634E4E4AE3}.Debug|Any CPU.ActiveCfg = Debug|Any CPU
		{D455DAE9-4D93-4E7F-AC56-C1634E4E4AE3}.Debug|Any CPU.Build.0 = Debug|Any CPU
		{D455DAE9-4D93-4E7F-AC56-C1634E4E4AE3}.Release|Any CPU.ActiveCfg = Release|Any CPU
		{D455DAE9-4D93-4E7F-AC56-C1634E4E4AE3}.Release|Any CPU.Build.0 = Release|Any CPU
		{C69F2AF7-FACD-4552-8333-B42C8254B284}.Debug|Any CPU.ActiveCfg = Debug|Any CPU
		{C69F2AF7-FACD-4552-8333-B42C8254B284}.Debug|Any CPU.Build.0 = Debug|Any CPU
		{C69F2AF7-FACD-4552-8333-B42C8254B284}.Release|Any CPU.ActiveCfg = Release|Any CPU
		{C69F2AF7-FACD-4552-8333-B42C8254B284}.Release|Any CPU.Build.0 = Release|Any CPU
		{2DE6ECF0-23C9-41EF-B4CF-6693C1F4C7E5}.Debug|Any CPU.ActiveCfg = Debug|Any CPU
		{2DE6ECF0-23C9-41EF-B4CF-6693C1F4C7E5}.Debug|Any CPU.Build.0 = Debug|Any CPU
		{2DE6ECF0-23C9-41EF-B4CF-6693C1F4C7E5}.Release|Any CPU.ActiveCfg = Release|Any CPU
		{2DE6ECF0-23C9-41EF-B4CF-6693C1F4C7E5}.Release|Any CPU.Build.0 = Release|Any CPU
		{BA9CD377-D251-4EFE-A9D5-0D2B65132DEF}.Debug|Any CPU.ActiveCfg = Debug|Any CPU
		{BA9CD377-D251-4EFE-A9D5-0D2B65132DEF}.Debug|Any CPU.Build.0 = Debug|Any CPU
		{BA9CD377-D251-4EFE-A9D5-0D2B65132DEF}.Release|Any CPU.ActiveCfg = Release|Any CPU
		{BA9CD377-D251-4EFE-A9D5-0D2B65132DEF}.Release|Any CPU.Build.0 = Release|Any CPU
		{35996E21-3C01-4B94-B04E-990F040641EA}.Debug|Any CPU.ActiveCfg = Debug|Any CPU
		{35996E21-3C01-4B94-B04E-990F040641EA}.Debug|Any CPU.Build.0 = Debug|Any CPU
		{35996E21-3C01-4B94-B04E-990F040641EA}.Release|Any CPU.ActiveCfg = Release|Any CPU
		{35996E21-3C01-4B94-B04E-990F040641EA}.Release|Any CPU.Build.0 = Release|Any CPU
		{DD6EDDFC-E9CD-4073-AD0A-B60E96BD4D86}.Debug|Any CPU.ActiveCfg = Debug|Any CPU
		{DD6EDDFC-E9CD-4073-AD0A-B60E96BD4D86}.Debug|Any CPU.Build.0 = Debug|Any CPU
		{DD6EDDFC-E9CD-4073-AD0A-B60E96BD4D86}.Release|Any CPU.ActiveCfg = Release|Any CPU
		{DD6EDDFC-E9CD-4073-AD0A-B60E96BD4D86}.Release|Any CPU.Build.0 = Release|Any CPU
		{E9932A6C-E1F3-40B4-8A8E-CE4F2111A308}.Debug|Any CPU.ActiveCfg = Debug|Any CPU
		{E9932A6C-E1F3-40B4-8A8E-CE4F2111A308}.Debug|Any CPU.Build.0 = Debug|Any CPU
		{E9932A6C-E1F3-40B4-8A8E-CE4F2111A308}.Release|Any CPU.ActiveCfg = Release|Any CPU
		{E9932A6C-E1F3-40B4-8A8E-CE4F2111A308}.Release|Any CPU.Build.0 = Release|Any CPU
		{BAECF712-0B0B-413E-B7B1-C43EB234D019}.Debug|Any CPU.ActiveCfg = Debug|Any CPU
		{BAECF712-0B0B-413E-B7B1-C43EB234D019}.Debug|Any CPU.Build.0 = Debug|Any CPU
		{BAECF712-0B0B-413E-B7B1-C43EB234D019}.Release|Any CPU.ActiveCfg = Release|Any CPU
		{BAECF712-0B0B-413E-B7B1-C43EB234D019}.Release|Any CPU.Build.0 = Release|Any CPU
		{3559D209-44F1-436B-854D-8454E3A62BC6}.Debug|Any CPU.ActiveCfg = Debug|Any CPU
		{3559D209-44F1-436B-854D-8454E3A62BC6}.Debug|Any CPU.Build.0 = Debug|Any CPU
		{3559D209-44F1-436B-854D-8454E3A62BC6}.Release|Any CPU.ActiveCfg = Release|Any CPU
		{3559D209-44F1-436B-854D-8454E3A62BC6}.Release|Any CPU.Build.0 = Release|Any CPU
		{0BDA9EF8-3994-45B7-B42B-D52CCA9CAB34}.Debug|Any CPU.ActiveCfg = Debug|Any CPU
		{0BDA9EF8-3994-45B7-B42B-D52CCA9CAB34}.Debug|Any CPU.Build.0 = Debug|Any CPU
		{0BDA9EF8-3994-45B7-B42B-D52CCA9CAB34}.Release|Any CPU.ActiveCfg = Release|Any CPU
		{0BDA9EF8-3994-45B7-B42B-D52CCA9CAB34}.Release|Any CPU.Build.0 = Release|Any CPU
		{C423E120-94DF-49E6-8E36-26F0152EF2A9}.Debug|Any CPU.ActiveCfg = Debug|Any CPU
		{C423E120-94DF-49E6-8E36-26F0152EF2A9}.Debug|Any CPU.Build.0 = Debug|Any CPU
		{C423E120-94DF-49E6-8E36-26F0152EF2A9}.Release|Any CPU.ActiveCfg = Release|Any CPU
		{C423E120-94DF-49E6-8E36-26F0152EF2A9}.Release|Any CPU.Build.0 = Release|Any CPU
		{F985D942-277F-4134-BFBC-CECF60532351}.Debug|Any CPU.ActiveCfg = Debug|Any CPU
		{F985D942-277F-4134-BFBC-CECF60532351}.Debug|Any CPU.Build.0 = Debug|Any CPU
		{F985D942-277F-4134-BFBC-CECF60532351}.Release|Any CPU.ActiveCfg = Release|Any CPU
		{F985D942-277F-4134-BFBC-CECF60532351}.Release|Any CPU.Build.0 = Release|Any CPU
	EndGlobalSection
	GlobalSection(SolutionProperties) = preSolution
		HideSolutionNode = FALSE
	EndGlobalSection
	GlobalSection(NestedProjects) = preSolution
		{4FCF4C64-CCB7-4960-B83F-1AD009666075} = {F33A1664-6017-4481-B97A-F67DC5118A3A}
		{F5B90166-1596-4836-B3CC-20A84234AF63} = {F33A1664-6017-4481-B97A-F67DC5118A3A}
		{8D964ED7-9885-4A6B-8C67-F409823117DD} = {F33A1664-6017-4481-B97A-F67DC5118A3A}
		{D455DAE9-4D93-4E7F-AC56-C1634E4E4AE3} = {4C5467BA-4700-4AFC-9DFA-E657CB251905}
		{C69F2AF7-FACD-4552-8333-B42C8254B284} = {4C5467BA-4700-4AFC-9DFA-E657CB251905}
		{2DE6ECF0-23C9-41EF-B4CF-6693C1F4C7E5} = {4C5467BA-4700-4AFC-9DFA-E657CB251905}
		{BA9CD377-D251-4EFE-A9D5-0D2B65132DEF} = {4C5467BA-4700-4AFC-9DFA-E657CB251905}
		{35996E21-3C01-4B94-B04E-990F040641EA} = {4C5467BA-4700-4AFC-9DFA-E657CB251905}
		{DD6EDDFC-E9CD-4073-AD0A-B60E96BD4D86} = {AB868936-85D9-4C3F-9015-3322462DBC8D}
		{E9932A6C-E1F3-40B4-8A8E-CE4F2111A308} = {AB868936-85D9-4C3F-9015-3322462DBC8D}
		{BAECF712-0B0B-413E-B7B1-C43EB234D019} = {AB868936-85D9-4C3F-9015-3322462DBC8D}
		{3559D209-44F1-436B-854D-8454E3A62BC6} = {AB868936-85D9-4C3F-9015-3322462DBC8D}
		{0BDA9EF8-3994-45B7-B42B-D52CCA9CAB34} = {AB868936-85D9-4C3F-9015-3322462DBC8D}
		{C423E120-94DF-49E6-8E36-26F0152EF2A9} = {AB868936-85D9-4C3F-9015-3322462DBC8D}
		{F985D942-277F-4134-BFBC-CECF60532351} = {CBB131C3-B54F-4471-AC9D-A0BADA3553C5}
	EndGlobalSection
EndGlobal
